
Microsoft Visual Studio Solution File, Format Version 12.00
# Visual Studio Version 17
VisualStudioVersion = 17.2.32616.157
MinimumVisualStudioVersion = 10.0.40219.1
Project("{00D1A9C2-B5F0-4AF3-8072-F6C62B433612}") = "TRMData", "TRMData\TRMData.sqlproj", "{31776CE7-FB3F-421A-8003-1070F1D3934C}"
EndProject
Project("{9A19103F-16F7-4668-BE54-9A1E7A4F7556}") = "TRMDesktopUI", "TRMDesktopUI\TRMDesktopUI.csproj", "{6476FEBD-4FA8-4CD1-B618-F554147D51E3}"
EndProject
Project("{9A19103F-16F7-4668-BE54-9A1E7A4F7556}") = "TRMDataManager.Library", "TRMDataManager.Library\TRMDataManager.Library.csproj", "{CA76C7EC-5944-4A13-8DD2-AF32001DC349}"
EndProject
Project("{9A19103F-16F7-4668-BE54-9A1E7A4F7556}") = "TRMDesktopUI.Library", "TRMDesktopUI.Library\TRMDesktopUI.Library.csproj", "{D2F35485-58F3-464F-984F-B4DC66B3E604}"
EndProject
Project("{2150E333-8FDC-42A3-9474-1A3956D46DE8}") = "Database", "Database", "{8F9D7C5B-4487-4077-BB04-B34CF1095828}"
EndProject
Project("{2150E333-8FDC-42A3-9474-1A3956D46DE8}") = "API", "API", "{154E91EE-784C-4536-803C-A54CE814F213}"
EndProject
Project("{2150E333-8FDC-42A3-9474-1A3956D46DE8}") = "WPF", "WPF", "{B7A38139-8E5C-4F3D-AAE2-8A3C6060F970}"
EndProject
Project("{9A19103F-16F7-4668-BE54-9A1E7A4F7556}") = "TRMApi", "TRMApi\TRMApi.csproj", "{1772B746-C87B-4757-929D-C021A640CBE2}"
EndProject
Global
	GlobalSection(SolutionConfigurationPlatforms) = preSolution
		Debug|Any CPU = Debug|Any CPU
		Release|Any CPU = Release|Any CPU
	EndGlobalSection
	GlobalSection(ProjectConfigurationPlatforms) = postSolution
		{31776CE7-FB3F-421A-8003-1070F1D3934C}.Debug|Any CPU.ActiveCfg = Debug|Any CPU
		{31776CE7-FB3F-421A-8003-1070F1D3934C}.Debug|Any CPU.Build.0 = Debug|Any CPU
		{31776CE7-FB3F-421A-8003-1070F1D3934C}.Debug|Any CPU.Deploy.0 = Debug|Any CPU
		{31776CE7-FB3F-421A-8003-1070F1D3934C}.Release|Any CPU.ActiveCfg = Release|Any CPU
		{31776CE7-FB3F-421A-8003-1070F1D3934C}.Release|Any CPU.Build.0 = Release|Any CPU
		{31776CE7-FB3F-421A-8003-1070F1D3934C}.Release|Any CPU.Deploy.0 = Release|Any CPU
		{6476FEBD-4FA8-4CD1-B618-F554147D51E3}.Debug|Any CPU.ActiveCfg = Debug|Any CPU
		{6476FEBD-4FA8-4CD1-B618-F554147D51E3}.Debug|Any CPU.Build.0 = Debug|Any CPU
		{6476FEBD-4FA8-4CD1-B618-F554147D51E3}.Release|Any CPU.ActiveCfg = Release|Any CPU
		{6476FEBD-4FA8-4CD1-B618-F554147D51E3}.Release|Any CPU.Build.0 = Release|Any CPU
		{CA76C7EC-5944-4A13-8DD2-AF32001DC349}.Debug|Any CPU.ActiveCfg = Debug|Any CPU
		{CA76C7EC-5944-4A13-8DD2-AF32001DC349}.Debug|Any CPU.Build.0 = Debug|Any CPU
		{CA76C7EC-5944-4A13-8DD2-AF32001DC349}.Release|Any CPU.ActiveCfg = Release|Any CPU
		{CA76C7EC-5944-4A13-8DD2-AF32001DC349}.Release|Any CPU.Build.0 = Release|Any CPU
		{D2F35485-58F3-464F-984F-B4DC66B3E604}.Debug|Any CPU.ActiveCfg = Debug|Any CPU
		{D2F35485-58F3-464F-984F-B4DC66B3E604}.Debug|Any CPU.Build.0 = Debug|Any CPU
		{D2F35485-58F3-464F-984F-B4DC66B3E604}.Release|Any CPU.ActiveCfg = Release|Any CPU
		{D2F35485-58F3-464F-984F-B4DC66B3E604}.Release|Any CPU.Build.0 = Release|Any CPU
		{1772B746-C87B-4757-929D-C021A640CBE2}.Debug|Any CPU.ActiveCfg = Debug|Any CPU
		{1772B746-C87B-4757-929D-C021A640CBE2}.Debug|Any CPU.Build.0 = Debug|Any CPU
		{1772B746-C87B-4757-929D-C021A640CBE2}.Release|Any CPU.ActiveCfg = Release|Any CPU
		{1772B746-C87B-4757-929D-C021A640CBE2}.Release|Any CPU.Build.0 = Release|Any CPU
	EndGlobalSection
	GlobalSection(SolutionProperties) = preSolution
		HideSolutionNode = FALSE
	EndGlobalSection
	GlobalSection(NestedProjects) = preSolution
		{31776CE7-FB3F-421A-8003-1070F1D3934C} = {8F9D7C5B-4487-4077-BB04-B34CF1095828}
		{6476FEBD-4FA8-4CD1-B618-F554147D51E3} = {B7A38139-8E5C-4F3D-AAE2-8A3C6060F970}
		{CA76C7EC-5944-4A13-8DD2-AF32001DC349} = {154E91EE-784C-4536-803C-A54CE814F213}
		{D2F35485-58F3-464F-984F-B4DC66B3E604} = {B7A38139-8E5C-4F3D-AAE2-8A3C6060F970}
		{1772B746-C87B-4757-929D-C021A640CBE2} = {154E91EE-784C-4536-803C-A54CE814F213}
	EndGlobalSection
	GlobalSection(ExtensibilityGlobals) = postSolution
		SolutionGuid = {89532319-D73D-4AC9-95AA-152893CC8B29}
	EndGlobalSection
EndGlobal
